
Microsoft Visual Studio Solution File, Format Version 12.00
# Visual Studio Version 17
VisualStudioVersion = 17.4.33205.214
MinimumVisualStudioVersion = 10.0.40219.1
Project("{FAE04EC0-301F-11D3-BF4B-00C04F79EFBC}") = "Host.AngularAuth", "Host.AngularAuth\Host.AngularAuth.csproj", "{5914F763-114A-403E-B695-8CAC0F9B483C}"
EndProject
Global
	GlobalSection(SolutionConfigurationPlatforms) = preSolution
		Debug|Any CPU = Debug|Any CPU
		Release|Any CPU = Release|Any CPU
	EndGlobalSection
	GlobalSection(ProjectConfigurationPlatforms) = postSolution
		{5914F763-114A-403E-B695-8CAC0F9B483C}.Debug|Any CPU.ActiveCfg = Debug|Any CPU
		{5914F763-114A-403E-B695-8CAC0F9B483C}.Debug|Any CPU.Build.0 = Debug|Any CPU
		{5914F763-114A-403E-B695-8CAC0F9B483C}.Release|Any CPU.ActiveCfg = Release|Any CPU
		{5914F763-114A-403E-B695-8CAC0F9B483C}.Release|Any CPU.Build.0 = Release|Any CPU
	EndGlobalSection
	GlobalSection(SolutionProperties) = preSolution
		HideSolutionNode = FALSE
	EndGlobalSection
	GlobalSection(ExtensibilityGlobals) = postSolution
		SolutionGuid = {B71C8EA9-2B25-47E3-AE11-C6C4E6827D28}
	EndGlobalSection
EndGlobal
